{
  "name": "@europeana/ds4ch",
  "lockfileVersion": 3,
  "requires": true,
  "packages": {
    "": {
      "name": "@europeana/ds4ch",
      "hasInstallScript": true,
      "dependencies": {
        "bootstrap": "^5.3.6",
        "nuxt": "^3.17.4",
        "vue": "^3.5.14",
        "vue-router": "^4.5.1"
      }
    },
    "../../../node_modules/.pnpm/bootstrap@5.3.6_@popperjs+core@2.11.8/node_modules/bootstrap": {
      "version": "5.3.6",
      "funding": [
        {
          "type": "github",
          "url": "https://github.com/sponsors/twbs"
        },
        {
          "type": "opencollective",
          "url": "https://opencollective.com/bootstrap"
        }
      ],
      "license": "MIT",
      "devDependencies": {
        "@astrojs/check": "^0.9.4",
        "@astrojs/markdown-remark": "^6.3.1",
        "@astrojs/mdx": "^4.2.6",
        "@astrojs/prism": "^3.2.0",
        "@astrojs/sitemap": "^3.3.1",
        "@babel/cli": "^7.27.0",
        "@babel/core": "^7.26.10",
        "@babel/preset-env": "^7.26.9",
        "@docsearch/js": "^3.9.0",
        "@popperjs/core": "^2.11.8",
        "@rollup/plugin-babel": "^6.0.4",
        "@rollup/plugin-commonjs": "^28.0.3",
        "@rollup/plugin-node-resolve": "^16.0.1",
        "@rollup/plugin-replace": "^6.0.2",
        "@stackblitz/sdk": "^1.11.0",
        "@types/google.analytics": "^0.0.46",
        "@types/js-yaml": "^4.0.5",
        "@types/mime": "^3.0.1",
        "@types/prismjs": "^1.26.0",
        "astro": "^5.7.10",
        "astro-auto-import": "^0.4.4",
        "autoprefixer": "^10.4.21",
        "bundlewatch": "^0.4.1",
        "clean-css-cli": "^5.6.3",
        "clipboard": "^2.0.11",
        "cross-env": "^7.0.3",
        "eslint": "^8.57.1",
        "eslint-config-xo": "^0.45.0",
        "eslint-plugin-html": "^8.1.2",
        "eslint-plugin-import": "^2.31.0",
        "eslint-plugin-markdown": "^5.1.0",
        "eslint-plugin-unicorn": "^55.0.0",
        "find-unused-sass-variables": "^6.1.0",
        "github-slugger": "^2.0.0",
        "globby": "^14.1.0",
        "hammer-simulator": "0.0.1",
        "htmlparser2": "^10.0.0",
        "image-size": "^2.0.2",
        "ip": "^2.0.1",
        "jasmine": "^5.6.0",
        "jquery": "^3.7.1",
        "js-yaml": "^4.1.0",
        "karma": "^6.4.4",
        "karma-browserstack-launcher": "1.4.0",
        "karma-chrome-launcher": "^3.2.0",
        "karma-coverage-istanbul-reporter": "^3.0.3",
        "karma-detect-browsers": "^2.3.3",
        "karma-firefox-launcher": "^2.1.3",
        "karma-jasmine": "^5.1.0",
        "karma-jasmine-html-reporter": "^2.1.0",
        "karma-rollup-preprocessor": "7.0.7",
        "lockfile-lint": "^4.14.1",
        "mime": "^4.0.7",
        "nodemon": "^3.1.10",
        "npm-run-all2": "^7.0.2",
        "postcss": "^8.5.3",
        "postcss-cli": "^11.0.1",
        "prettier": "^3.5.3",
        "prettier-plugin-astro": "^0.14.1",
        "rehype-autolink-headings": "^7.1.0",
        "remark": "^15.0.1",
        "remark-html": "^16.0.1",
        "rollup": "^4.38.0",
        "rollup-plugin-istanbul": "^5.0.0",
        "rtlcss": "^4.3.0",
        "sass": "1.78.0",
        "sass-true": "^8.1.0",
        "shelljs": "^0.9.2",
        "stylelint": "^16.17.0",
        "stylelint-config-twbs-bootstrap": "^16.0.0",
        "terser": "^5.39.0",
        "unist-util-visit": "^5.0.0",
        "vnu-jar": "24.10.17",
        "zod": "^3.24.3"
      },
      "peerDependencies": {
        "@popperjs/core": "^2.11.8"
      }
    },
    "../../../node_modules/.pnpm/nuxt@3.17.4_@parcel+watcher@2.5.1_@types+node@22.15.21_db0@0.3.2_ioredis@5.6.1_magicast_e2b60321bafda6f7a9390f7ac7478d38/node_modules/nuxt": {
      "version": "3.17.4",
      "license": "MIT",
      "dependencies": {
        "@nuxt/cli": "^3.25.1",
        "@nuxt/devalue": "^2.0.2",
        "@nuxt/devtools": "^2.4.1",
        "@nuxt/kit": "3.17.4",
        "@nuxt/schema": "3.17.4",
        "@nuxt/telemetry": "^2.6.6",
        "@nuxt/vite-builder": "3.17.4",
        "@unhead/vue": "^2.0.9",
        "@vue/shared": "^3.5.14",
        "c12": "^3.0.4",
        "chokidar": "^4.0.3",
        "compatx": "^0.2.0",
        "consola": "^3.4.2",
        "cookie-es": "^2.0.0",
        "defu": "^6.1.4",
        "destr": "^2.0.5",
        "devalue": "^5.1.1",
        "errx": "^0.1.0",
        "esbuild": "^0.25.4",
        "escape-string-regexp": "^5.0.0",
        "estree-walker": "^3.0.3",
        "exsolve": "^1.0.5",
        "globby": "^14.1.0",
        "h3": "^1.15.3",
        "hookable": "^5.5.3",
        "ignore": "^7.0.4",
        "impound": "^1.0.0",
        "jiti": "^2.4.2",
        "klona": "^2.0.6",
        "knitwork": "^1.2.0",
        "magic-string": "^0.30.17",
        "mlly": "^1.7.4",
        "mocked-exports": "^0.1.1",
        "nanotar": "^0.2.0",
        "nitropack": "^2.11.12",
        "nypm": "^0.6.0",
        "ofetch": "^1.4.1",
        "ohash": "^2.0.11",
        "on-change": "^5.0.1",
        "oxc-parser": "^0.71.0",
        "pathe": "^2.0.3",
        "perfect-debounce": "^1.0.0",
        "pkg-types": "^2.1.0",
        "radix3": "^1.1.2",
        "scule": "^1.3.0",
        "semver": "^7.7.2",
        "std-env": "^3.9.0",
        "strip-literal": "^3.0.0",
        "tinyglobby": "0.2.13",
        "ufo": "^1.6.1",
        "ultrahtml": "^1.6.0",
        "uncrypto": "^0.1.3",
        "unctx": "^2.4.1",
        "unimport": "^5.0.1",
        "unplugin": "^2.3.4",
        "unplugin-vue-router": "^0.12.0",
        "unstorage": "^1.16.0",
        "untyped": "^2.0.0",
        "vue": "^3.5.14",
        "vue-bundle-renderer": "^2.1.1",
        "vue-devtools-stub": "^0.1.0",
        "vue-router": "^4.5.1"
      },
      "bin": {
        "nuxi": "bin/nuxt.mjs",
        "nuxt": "bin/nuxt.mjs"
      },
      "devDependencies": {
        "@nuxt/scripts": "0.11.7",
        "@parcel/watcher": "2.5.1",
        "@types/estree": "1.0.7",
        "@vitejs/plugin-vue": "5.2.4",
        "@vitejs/plugin-vue-jsx": "4.2.0",
        "@vue/compiler-sfc": "3.5.14",
        "unbuild": "3.5.0",
        "vite": "6.3.5",
        "vitest": "3.1.4",
        "vue-sfc-transformer": "0.1.15"
      },
      "engines": {
        "node": "^18.12.0 || ^20.9.0 || >=22.0.0"
      },
      "peerDependencies": {
        "@parcel/watcher": "^2.1.0",
        "@types/node": "^18.0.0 || ^20.0.0 || >=22.0.0"
      },
      "peerDependenciesMeta": {
        "@parcel/watcher": {
          "optional": true
        },
        "@types/node": {
          "optional": true
        }
      }
    },
    "../../../node_modules/.pnpm/vue-router@4.5.1_vue@3.5.14_typescript@5.8.3_/node_modules/vue-router": {
      "version": "4.5.1",
      "license": "MIT",
      "dependencies": {
        "@vue/devtools-api": "^6.6.4"
      },
      "devDependencies": {
        "@microsoft/api-extractor": "^7.48.0",
        "@rollup/plugin-alias": "^5.1.1",
        "@rollup/plugin-commonjs": "^25.0.8",
        "@rollup/plugin-node-resolve": "^15.3.0",
        "@rollup/plugin-replace": "^5.0.7",
        "@rollup/plugin-terser": "^0.4.4",
        "@types/jsdom": "^21.1.7",
        "@types/nightwatch": "^2.3.32",
        "@vitejs/plugin-vue": "^5.2.0",
        "@vue/compiler-sfc": "~3.5.13",
        "@vue/server-renderer": "~3.5.13",
        "@vue/test-utils": "^2.4.6",
        "browserstack-local": "^1.5.5",
        "chromedriver": "^131.0.1",
        "connect-history-api-fallback": "^1.6.0",
        "conventional-changelog-cli": "^2.2.2",
        "dotenv": "^16.4.5",
        "faked-promise": "^2.2.2",
        "geckodriver": "^4.5.1",
        "happy-dom": "^15.11.6",
        "nightwatch": "^2.6.25",
        "nightwatch-helpers": "^1.2.0",
        "rimraf": "^6.0.1",
        "rollup": "^3.29.5",
        "rollup-plugin-analyzer": "^4.0.0",
        "rollup-plugin-typescript2": "^0.36.0",
        "vite": "^5.4.11",
        "vue": "~3.5.13"
      },
      "funding": {
        "url": "https://github.com/sponsors/posva"
      },
      "peerDependencies": {
        "vue": "^3.2.0"
      }
    },
    "../../../node_modules/.pnpm/vue@3.5.14_typescript@5.8.3/node_modules/vue": {
      "version": "3.5.14",
      "license": "MIT",
      "dependencies": {
        "@vue/compiler-dom": "3.5.14",
        "@vue/compiler-sfc": "3.5.14",
        "@vue/runtime-dom": "3.5.14",
        "@vue/server-renderer": "3.5.14",
        "@vue/shared": "3.5.14"
      },
      "peerDependencies": {
        "typescript": "*"
      },
      "peerDependenciesMeta": {
        "typescript": {
          "optional": true
        }
      }
    },
    "node_modules/bootstrap": {
      "resolved": "../../../node_modules/.pnpm/bootstrap@5.3.6_@popperjs+core@2.11.8/node_modules/bootstrap",
      "link": true
    },
    "node_modules/nuxt": {
      "resolved": "../../../node_modules/.pnpm/nuxt@3.17.4_@parcel+watcher@2.5.1_@types+node@22.15.21_db0@0.3.2_ioredis@5.6.1_magicast_e2b60321bafda6f7a9390f7ac7478d38/node_modules/nuxt",
      "link": true
    },
    "node_modules/vue": {
      "resolved": "../../../node_modules/.pnpm/vue@3.5.14_typescript@5.8.3/node_modules/vue",
      "link": true
    },
    "node_modules/vue-router": {
      "resolved": "../../../node_modules/.pnpm/vue-router@4.5.1_vue@3.5.14_typescript@5.8.3_/node_modules/vue-router",
      "link": true
    }
  }
}
